// !$*UTF8*$!
{
	archiveVersion = 1;
	classes = {
	};
	objectVersion = 56;
	objects = {

/* Begin PBXBuildFile section */
		DD2D5ED62E633297002A7871 /* TownViewModel.swift in Sources */ = {isa = PBXBuildFile; fileRef = DD2D5ED52E633297002A7871 /* TownViewModel.swift */; };
		DD4801162E61F9E300C952AE /* MenuView.swift in Sources */ = {isa = PBXBuildFile; fileRef = DD4801112E61F9E300C952AE /* MenuView.swift */; };
		DD4801172E61F9E300C952AE /* MenuViewModel.swift in Sources */ = {isa = PBXBuildFile; fileRef = DD4801132E61F9E300C952AE /* MenuViewModel.swift */; };
		DD88412E2E1856A6007FF2C8 /* SwiftDataManager1App.swift in Sources */ = {isa = PBXBuildFile; fileRef = DD88412D2E1856A6007FF2C8 /* SwiftDataManager1App.swift */; };
		DD8841302E1856A6007FF2C8 /* RoomView.swift in Sources */ = {isa = PBXBuildFile; fileRef = DD88412F2E1856A6007FF2C8 /* RoomView.swift */; };
		DD8841322E1856AA007FF2C8 /* Assets.xcassets in Resources */ = {isa = PBXBuildFile; fileRef = DD8841312E1856AA007FF2C8 /* Assets.xcassets */; };
		DD8841362E1856AA007FF2C8 /* Preview Assets.xcassets in Resources */ = {isa = PBXBuildFile; fileRef = DD8841352E1856AA007FF2C8 /* Preview Assets.xcassets */; };
		DD88413D2E1857CD007FF2C8 /* RoomViewModel.swift in Sources */ = {isa = PBXBuildFile; fileRef = DD88413C2E1857CD007FF2C8 /* RoomViewModel.swift */; };
		DD8841472E1858E4007FF2C8 /* SwiftDataManager.swift in Sources */ = {isa = PBXBuildFile; fileRef = DD8841462E1858E4007FF2C8 /* SwiftDataManager.swift */; };
		DD8841492E185B92007FF2C8 /* CompositionRoot.swift in Sources */ = {isa = PBXBuildFile; fileRef = DD8841482E185B92007FF2C8 /* CompositionRoot.swift */; };
		DD88414B2E1860A4007FF2C8 /* Plan in Resources */ = {isa = PBXBuildFile; fileRef = DD88414A2E1860A4007FF2C8 /* Plan */; };
		DDCAEBC52E5D78D10018FE11 /* NavigationManager.swift in Sources */ = {isa = PBXBuildFile; fileRef = DDCAEBC42E5D78D10018FE11 /* NavigationManager.swift */; };
		DDCAEBC82E5D791F0018FE11 /* AppScreen.swift in Sources */ = {isa = PBXBuildFile; fileRef = DDCAEBC72E5D791F0018FE11 /* AppScreen.swift */; };
		DDCAEBCE2E5D79DE0018FE11 /* DungeonViewModel.swift in Sources */ = {isa = PBXBuildFile; fileRef = DDCAEBCD2E5D79DE0018FE11 /* DungeonViewModel.swift */; };
		DDCAEBD02E5D79E60018FE11 /* DungeonView.swift in Sources */ = {isa = PBXBuildFile; fileRef = DDCAEBCF2E5D79E60018FE11 /* DungeonView.swift */; };
		DDE5B8BC2E62CC2B0094C23C /* TownView.swift in Sources */ = {isa = PBXBuildFile; fileRef = DDE5B8B62E62CC2A0094C23C /* TownView.swift */; };
		DDE5B8BF2E62CEF30094C23C /* GameState.swift in Sources */ = {isa = PBXBuildFile; fileRef = DDE5B8BE2E62CEF30094C23C /* GameState.swift */; };
/* End PBXBuildFile section */

/* Begin PBXFileReference section */
		DD2D5ED52E633297002A7871 /* TownViewModel.swift */ = {isa = PBXFileReference; fileEncoding = 4; lastKnownFileType = sourcecode.swift; name = TownViewModel.swift; path = SwiftDataManager1/Scenes/TownScene/ViewModel/TownViewModel.swift; sourceTree = SOURCE_ROOT; };
		DD4801112E61F9E300C952AE /* MenuView.swift */ = {isa = PBXFileReference; fileEncoding = 4; lastKnownFileType = sourcecode.swift; path = MenuView.swift; sourceTree = "<group>"; };
		DD4801132E61F9E300C952AE /* MenuViewModel.swift */ = {isa = PBXFileReference; fileEncoding = 4; lastKnownFileType = sourcecode.swift; path = MenuViewModel.swift; sourceTree = "<group>"; };
		DD88412A2E1856A6007FF2C8 /* SwiftDataManager1.app */ = {isa = PBXFileReference; explicitFileType = wrapper.application; includeInIndex = 0; path = SwiftDataManager1.app; sourceTree = BUILT_PRODUCTS_DIR; };
		DD88412D2E1856A6007FF2C8 /* SwiftDataManager1App.swift */ = {isa = PBXFileReference; lastKnownFileType = sourcecode.swift; path = SwiftDataManager1App.swift; sourceTree = "<group>"; };
		DD88412F2E1856A6007FF2C8 /* RoomView.swift */ = {isa = PBXFileReference; lastKnownFileType = sourcecode.swift; path = RoomView.swift; sourceTree = "<group>"; };
		DD8841312E1856AA007FF2C8 /* Assets.xcassets */ = {isa = PBXFileReference; lastKnownFileType = folder.assetcatalog; path = Assets.xcassets; sourceTree = "<group>"; };
		DD8841332E1856AA007FF2C8 /* SwiftDataManager1.entitlements */ = {isa = PBXFileReference; lastKnownFileType = text.plist.entitlements; path = SwiftDataManager1.entitlements; sourceTree = "<group>"; };
		DD8841352E1856AA007FF2C8 /* Preview Assets.xcassets */ = {isa = PBXFileReference; lastKnownFileType = folder.assetcatalog; path = "Preview Assets.xcassets"; sourceTree = "<group>"; };
		DD88413C2E1857CD007FF2C8 /* RoomViewModel.swift */ = {isa = PBXFileReference; lastKnownFileType = sourcecode.swift; path = RoomViewModel.swift; sourceTree = "<group>"; };
		DD8841462E1858E4007FF2C8 /* SwiftDataManager.swift */ = {isa = PBXFileReference; lastKnownFileType = sourcecode.swift; path = SwiftDataManager.swift; sourceTree = "<group>"; };
		DD8841482E185B92007FF2C8 /* CompositionRoot.swift */ = {isa = PBXFileReference; lastKnownFileType = sourcecode.swift; path = CompositionRoot.swift; sourceTree = "<group>"; };
		DD88414A2E1860A4007FF2C8 /* Plan */ = {isa = PBXFileReference; lastKnownFileType = text; path = Plan; sourceTree = "<group>"; };
		DDCAEBC42E5D78D10018FE11 /* NavigationManager.swift */ = {isa = PBXFileReference; lastKnownFileType = sourcecode.swift; path = NavigationManager.swift; sourceTree = "<group>"; };
		DDCAEBC72E5D791F0018FE11 /* AppScreen.swift */ = {isa = PBXFileReference; lastKnownFileType = sourcecode.swift; path = AppScreen.swift; sourceTree = "<group>"; };
		DDCAEBCD2E5D79DE0018FE11 /* DungeonViewModel.swift */ = {isa = PBXFileReference; lastKnownFileType = sourcecode.swift; path = DungeonViewModel.swift; sourceTree = "<group>"; };
		DDCAEBCF2E5D79E60018FE11 /* DungeonView.swift */ = {isa = PBXFileReference; lastKnownFileType = sourcecode.swift; path = DungeonView.swift; sourceTree = "<group>"; };
		DDE5B8B62E62CC2A0094C23C /* TownView.swift */ = {isa = PBXFileReference; fileEncoding = 4; lastKnownFileType = sourcecode.swift; path = TownView.swift; sourceTree = "<group>"; };
		DDE5B8BE2E62CEF30094C23C /* GameState.swift */ = {isa = PBXFileReference; lastKnownFileType = sourcecode.swift; path = GameState.swift; sourceTree = "<group>"; };
/* End PBXFileReference section */

/* Begin PBXFrameworksBuildPhase section */
		DD8841272E1856A6007FF2C8 /* Frameworks */ = {
			isa = PBXFrameworksBuildPhase;
			buildActionMask = 2147483647;
			files = (
			);
			runOnlyForDeploymentPostprocessing = 0;
		};
/* End PBXFrameworksBuildPhase section */

/* Begin PBXGroup section */
		DD4801122E61F9E300C952AE /* View */ = {
			isa = PBXGroup;
			children = (
				DD4801112E61F9E300C952AE /* MenuView.swift */,
			);
			path = View;
			sourceTree = "<group>";
		};
		DD4801142E61F9E300C952AE /* ViewModel */ = {
			isa = PBXGroup;
			children = (
				DD4801132E61F9E300C952AE /* MenuViewModel.swift */,
			);
			path = ViewModel;
			sourceTree = "<group>";
		};
		DD4801152E61F9E300C952AE /* MenuScene */ = {
			isa = PBXGroup;
			children = (
				DD4801142E61F9E300C952AE /* ViewModel */,
				DD4801122E61F9E300C952AE /* View */,
			);
			path = MenuScene;
			sourceTree = "<group>";
		};
		DD55F2B32E61F85B00BDABEE /* Scenes */ = {
			isa = PBXGroup;
			children = (
				DD4801152E61F9E300C952AE /* MenuScene */,
				DD88413F2E185810007FF2C8 /* RoomScene */,
				DDCAEBC92E5D79860018FE11 /* DungeonScene */,
				DDE5B8BA2E62CC2A0094C23C /* TownScene */,
			);
			path = Scenes;
			sourceTree = "<group>";
		};
		DD8841212E1856A6007FF2C8 = {
			isa = PBXGroup;
			children = (
				DD88412C2E1856A6007FF2C8 /* SwiftDataManager1 */,
				DD88412B2E1856A6007FF2C8 /* Products */,
			);
			sourceTree = "<group>";
		};
		DD88412B2E1856A6007FF2C8 /* Products */ = {
			isa = PBXGroup;
			children = (
				DD88412A2E1856A6007FF2C8 /* SwiftDataManager1.app */,
			);
			name = Products;
			sourceTree = "<group>";
		};
		DD88412C2E1856A6007FF2C8 /* SwiftDataManager1 */ = {
			isa = PBXGroup;
			children = (
				DD88414A2E1860A4007FF2C8 /* Plan */,
				DD88413E2E185808007FF2C8 /* AppFoundation */,
				DDE5B8C02E6329300094C23C /* GameState */,
				DDCAEBC62E5D79090018FE11 /* Navigation */,
				DD55F2B32E61F85B00BDABEE /* Scenes */,
				DD8841452E1858D9007FF2C8 /* Persistence */,
				DD8841312E1856AA007FF2C8 /* Assets.xcassets */,
				DD8841332E1856AA007FF2C8 /* SwiftDataManager1.entitlements */,
				DD8841342E1856AA007FF2C8 /* Preview Content */,
			);
			path = SwiftDataManager1;
			sourceTree = "<group>";
		};
		DD8841342E1856AA007FF2C8 /* Preview Content */ = {
			isa = PBXGroup;
			children = (
				DD8841352E1856AA007FF2C8 /* Preview Assets.xcassets */,
			);
			path = "Preview Content";
			sourceTree = "<group>";
		};
		DD88413E2E185808007FF2C8 /* AppFoundation */ = {
			isa = PBXGroup;
			children = (
				DD88412D2E1856A6007FF2C8 /* SwiftDataManager1App.swift */,
				DD8841482E185B92007FF2C8 /* CompositionRoot.swift */,
			);
			path = AppFoundation;
			sourceTree = "<group>";
		};
		DD88413F2E185810007FF2C8 /* RoomScene */ = {
			isa = PBXGroup;
			children = (
				DD8841422E185832007FF2C8 /* Model */,
				DD8841432E185837007FF2C8 /* ViewModel */,
				DD8841442E18583A007FF2C8 /* View */,
			);
			path = RoomScene;
			sourceTree = "<group>";
		};
		DD8841422E185832007FF2C8 /* Model */ = {
			isa = PBXGroup;
			children = (
			);
			path = Model;
			sourceTree = "<group>";
		};
		DD8841432E185837007FF2C8 /* ViewModel */ = {
			isa = PBXGroup;
			children = (
				DD88413C2E1857CD007FF2C8 /* RoomViewModel.swift */,
			);
			path = ViewModel;
			sourceTree = "<group>";
		};
		DD8841442E18583A007FF2C8 /* View */ = {
			isa = PBXGroup;
			children = (
				DD88412F2E1856A6007FF2C8 /* RoomView.swift */,
			);
			path = View;
			sourceTree = "<group>";
		};
		DD8841452E1858D9007FF2C8 /* Persistence */ = {
			isa = PBXGroup;
			children = (
				DD8841462E1858E4007FF2C8 /* SwiftDataManager.swift */,
			);
			path = Persistence;
			sourceTree = "<group>";
		};
		DDCAEBC62E5D79090018FE11 /* Navigation */ = {
			isa = PBXGroup;
			children = (
				DDCAEBC42E5D78D10018FE11 /* NavigationManager.swift */,
				DDCAEBC72E5D791F0018FE11 /* AppScreen.swift */,
			);
			path = Navigation;
			sourceTree = "<group>";
		};
		DDCAEBC92E5D79860018FE11 /* DungeonScene */ = {
			isa = PBXGroup;
			children = (
				DDCAEBCA2E5D799B0018FE11 /* Model */,
				DDCAEBCC2E5D79A30018FE11 /* ViewModel */,
				DDCAEBCB2E5D799F0018FE11 /* View */,
			);
			path = DungeonScene;
			sourceTree = "<group>";
		};
		DDCAEBCA2E5D799B0018FE11 /* Model */ = {
			isa = PBXGroup;
			children = (
			);
			path = Model;
			sourceTree = "<group>";
		};
		DDCAEBCB2E5D799F0018FE11 /* View */ = {
			isa = PBXGroup;
			children = (
				DDCAEBCF2E5D79E60018FE11 /* DungeonView.swift */,
			);
			path = View;
			sourceTree = "<group>";
		};
		DDCAEBCC2E5D79A30018FE11 /* ViewModel */ = {
			isa = PBXGroup;
			children = (
				DDCAEBCD2E5D79DE0018FE11 /* DungeonViewModel.swift */,
			);
			path = ViewModel;
			sourceTree = "<group>";
		};
		DDE5B8B52E62CC2A0094C23C /* Model */ = {
			isa = PBXGroup;
			children = (
			);
			path = Model;
			sourceTree = "<group>";
		};
		DDE5B8B72E62CC2A0094C23C /* View */ = {
			isa = PBXGroup;
			children = (
				DDE5B8B62E62CC2A0094C23C /* TownView.swift */,
			);
			path = View;
			sourceTree = "<group>";
		};
		DDE5B8B92E62CC2A0094C23C /* ViewModel */ = {
			isa = PBXGroup;
			children = (
				DD2D5ED52E633297002A7871 /* TownViewModel.swift */,
			);
			name = ViewModel;
			path = Model/ViewModel;
			sourceTree = "<group>";
		};
		DDE5B8BA2E62CC2A0094C23C /* TownScene */ = {
			isa = PBXGroup;
			children = (
				DDE5B8B52E62CC2A0094C23C /* Model */,
				DDE5B8B92E62CC2A0094C23C /* ViewModel */,
				DDE5B8B72E62CC2A0094C23C /* View */,
			);
			name = TownScene;
			path = SwiftDataManager1/Scenes/TownScene;
			sourceTree = SOURCE_ROOT;
		};
		DDE5B8C02E6329300094C23C /* GameState */ = {
			isa = PBXGroup;
			children = (
				DDE5B8BE2E62CEF30094C23C /* GameState.swift */,
			);
			path = GameState;
			sourceTree = "<group>";
		};
/* End PBXGroup section */

/* Begin PBXNativeTarget section */
		DD8841292E1856A6007FF2C8 /* SwiftDataManager1 */ = {
			isa = PBXNativeTarget;
			buildConfigurationList = DD8841392E1856AA007FF2C8 /* Build configuration list for PBXNativeTarget "SwiftDataManager1" */;
			buildPhases = (
				DD8841262E1856A6007FF2C8 /* Sources */,
				DD8841272E1856A6007FF2C8 /* Frameworks */,
				DD8841282E1856A6007FF2C8 /* Resources */,
			);
			buildRules = (
			);
			dependencies = (
			);
			name = SwiftDataManager1;
			productName = SwiftDataManager1;
			productReference = DD88412A2E1856A6007FF2C8 /* SwiftDataManager1.app */;
			productType = "com.apple.product-type.application";
		};
/* End PBXNativeTarget section */

/* Begin PBXProject section */
		DD8841222E1856A6007FF2C8 /* Project object */ = {
			isa = PBXProject;
			attributes = {
				BuildIndependentTargetsInParallel = 1;
				LastSwiftUpdateCheck = 1540;
				LastUpgradeCheck = 1540;
				TargetAttributes = {
					DD8841292E1856A6007FF2C8 = {
						CreatedOnToolsVersion = 15.4;
					};
				};
			};
			buildConfigurationList = DD8841252E1856A6007FF2C8 /* Build configuration list for PBXProject "SwiftDataManager1" */;
			compatibilityVersion = "Xcode 14.0";
			developmentRegion = en;
			hasScannedForEncodings = 0;
			knownRegions = (
				en,
				Base,
			);
			mainGroup = DD8841212E1856A6007FF2C8;
			productRefGroup = DD88412B2E1856A6007FF2C8 /* Products */;
			projectDirPath = "";
			projectRoot = "";
			targets = (
				DD8841292E1856A6007FF2C8 /* SwiftDataManager1 */,
			);
		};
/* End PBXProject section */

/* Begin PBXResourcesBuildPhase section */
		DD8841282E1856A6007FF2C8 /* Resources */ = {
			isa = PBXResourcesBuildPhase;
			buildActionMask = 2147483647;
			files = (
				DD8841362E1856AA007FF2C8 /* Preview Assets.xcassets in Resources */,
				DD88414B2E1860A4007FF2C8 /* Plan in Resources */,
				DD8841322E1856AA007FF2C8 /* Assets.xcassets in Resources */,
			);
			runOnlyForDeploymentPostprocessing = 0;
		};
/* End PBXResourcesBuildPhase section */

/* Begin PBXSourcesBuildPhase section */
		DD8841262E1856A6007FF2C8 /* Sources */ = {
			isa = PBXSourcesBuildPhase;
			buildActionMask = 2147483647;
			files = (
				DD4801172E61F9E300C952AE /* MenuViewModel.swift in Sources */,
				DD8841472E1858E4007FF2C8 /* SwiftDataManager.swift in Sources */,
				DD8841302E1856A6007FF2C8 /* RoomView.swift in Sources */,
				DD88412E2E1856A6007FF2C8 /* SwiftDataManager1App.swift in Sources */,
				DDCAEBC52E5D78D10018FE11 /* NavigationManager.swift in Sources */,
				DDCAEBCE2E5D79DE0018FE11 /* DungeonViewModel.swift in Sources */,
				DD4801162E61F9E300C952AE /* MenuView.swift in Sources */,
				DDE5B8BC2E62CC2B0094C23C /* TownView.swift in Sources */,
				DD2D5ED62E633297002A7871 /* TownViewModel.swift in Sources */,
				DD8841492E185B92007FF2C8 /* CompositionRoot.swift in Sources */,
				DDCAEBD02E5D79E60018FE11 /* DungeonView.swift in Sources */,
				DD88413D2E1857CD007FF2C8 /* RoomViewModel.swift in Sources */,
				DDE5B8BF2E62CEF30094C23C /* GameState.swift in Sources */,
				DDCAEBC82E5D791F0018FE11 /* AppScreen.swift in Sources */,
			);
			runOnlyForDeploymentPostprocessing = 0;
		};
/* End PBXSourcesBuildPhase section */

/* Begin XCBuildConfiguration section */
		DD8841372E1856AA007FF2C8 /* Debug */ = {
			isa = XCBuildConfiguration;
			buildSettings = {
				ALWAYS_SEARCH_USER_PATHS = NO;
				ASSETCATALOG_COMPILER_GENERATE_SWIFT_ASSET_SYMBOL_EXTENSIONS = YES;
				CLANG_ANALYZER_NONNULL = YES;
				CLANG_ANALYZER_NUMBER_OBJECT_CONVERSION = YES_AGGRESSIVE;
				CLANG_CXX_LANGUAGE_STANDARD = "gnu++20";
				CLANG_ENABLE_MODULES = YES;
				CLANG_ENABLE_OBJC_ARC = YES;
				CLANG_ENABLE_OBJC_WEAK = YES;
				CLANG_WARN_BLOCK_CAPTURE_AUTORELEASING = YES;
				CLANG_WARN_BOOL_CONVERSION = YES;
				CLANG_WARN_COMMA = YES;
				CLANG_WARN_CONSTANT_CONVERSION = YES;
				CLANG_WARN_DEPRECATED_OBJC_IMPLEMENTATIONS = YES;
				CLANG_WARN_DIRECT_OBJC_ISA_USAGE = YES_ERROR;
				CLANG_WARN_DOCUMENTATION_COMMENTS = YES;
				CLANG_WARN_EMPTY_BODY = YES;
				CLANG_WARN_ENUM_CONVERSION = YES;
				CLANG_WARN_INFINITE_RECURSION = YES;
				CLANG_WARN_INT_CONVERSION = YES;
				CLANG_WARN_NON_LITERAL_NULL_CONVERSION = YES;
				CLANG_WARN_OBJC_IMPLICIT_RETAIN_SELF = YES;
				CLANG_WARN_OBJC_LITERAL_CONVERSION = YES;
				CLANG_WARN_OBJC_ROOT_CLASS = YES_ERROR;
				CLANG_WARN_QUOTED_INCLUDE_IN_FRAMEWORK_HEADER = YES;
				CLANG_WARN_RANGE_LOOP_ANALYSIS = YES;
				CLANG_WARN_STRICT_PROTOTYPES = YES;
				CLANG_WARN_SUSPICIOUS_MOVE = YES;
				CLANG_WARN_UNGUARDED_AVAILABILITY = YES_AGGRESSIVE;
				CLANG_WARN_UNREACHABLE_CODE = YES;
				CLANG_WARN__DUPLICATE_METHOD_MATCH = YES;
				COPY_PHASE_STRIP = NO;
				DEBUG_INFORMATION_FORMAT = dwarf;
				ENABLE_STRICT_OBJC_MSGSEND = YES;
				ENABLE_TESTABILITY = YES;
				ENABLE_USER_SCRIPT_SANDBOXING = YES;
				GCC_C_LANGUAGE_STANDARD = gnu17;
				GCC_DYNAMIC_NO_PIC = NO;
				GCC_NO_COMMON_BLOCKS = YES;
				GCC_OPTIMIZATION_LEVEL = 0;
				GCC_PREPROCESSOR_DEFINITIONS = (
					"DEBUG=1",
					"$(inherited)",
				);
				GCC_WARN_64_TO_32_BIT_CONVERSION = YES;
				GCC_WARN_ABOUT_RETURN_TYPE = YES_ERROR;
				GCC_WARN_UNDECLARED_SELECTOR = YES;
				GCC_WARN_UNINITIALIZED_AUTOS = YES_AGGRESSIVE;
				GCC_WARN_UNUSED_FUNCTION = YES;
				GCC_WARN_UNUSED_VARIABLE = YES;
				LOCALIZATION_PREFERS_STRING_CATALOGS = YES;
				MTL_ENABLE_DEBUG_INFO = INCLUDE_SOURCE;
				MTL_FAST_MATH = YES;
				ONLY_ACTIVE_ARCH = YES;
				SWIFT_ACTIVE_COMPILATION_CONDITIONS = "DEBUG $(inherited)";
				SWIFT_OPTIMIZATION_LEVEL = "-Onone";
			};
			name = Debug;
		};
		DD8841382E1856AA007FF2C8 /* Release */ = {
			isa = XCBuildConfiguration;
			buildSettings = {
				ALWAYS_SEARCH_USER_PATHS = NO;
				ASSETCATALOG_COMPILER_GENERATE_SWIFT_ASSET_SYMBOL_EXTENSIONS = YES;
				CLANG_ANALYZER_NONNULL = YES;
				CLANG_ANALYZER_NUMBER_OBJECT_CONVERSION = YES_AGGRESSIVE;
				CLANG_CXX_LANGUAGE_STANDARD = "gnu++20";
				CLANG_ENABLE_MODULES = YES;
				CLANG_ENABLE_OBJC_ARC = YES;
				CLANG_ENABLE_OBJC_WEAK = YES;
				CLANG_WARN_BLOCK_CAPTURE_AUTORELEASING = YES;
				CLANG_WARN_BOOL_CONVERSION = YES;
				CLANG_WARN_COMMA = YES;
				CLANG_WARN_CONSTANT_CONVERSION = YES;
				CLANG_WARN_DEPRECATED_OBJC_IMPLEMENTATIONS = YES;
				CLANG_WARN_DIRECT_OBJC_ISA_USAGE = YES_ERROR;
				CLANG_WARN_DOCUMENTATION_COMMENTS = YES;
				CLANG_WARN_EMPTY_BODY = YES;
				CLANG_WARN_ENUM_CONVERSION = YES;
				CLANG_WARN_INFINITE_RECURSION = YES;
				CLANG_WARN_INT_CONVERSION = YES;
				CLANG_WARN_NON_LITERAL_NULL_CONVERSION = YES;
				CLANG_WARN_OBJC_IMPLICIT_RETAIN_SELF = YES;
				CLANG_WARN_OBJC_LITERAL_CONVERSION = YES;
				CLANG_WARN_OBJC_ROOT_CLASS = YES_ERROR;
				CLANG_WARN_QUOTED_INCLUDE_IN_FRAMEWORK_HEADER = YES;
				CLANG_WARN_RANGE_LOOP_ANALYSIS = YES;
				CLANG_WARN_STRICT_PROTOTYPES = YES;
				CLANG_WARN_SUSPICIOUS_MOVE = YES;
				CLANG_WARN_UNGUARDED_AVAILABILITY = YES_AGGRESSIVE;
				CLANG_WARN_UNREACHABLE_CODE = YES;
				CLANG_WARN__DUPLICATE_METHOD_MATCH = YES;
				COPY_PHASE_STRIP = NO;
				DEBUG_INFORMATION_FORMAT = "dwarf-with-dsym";
				ENABLE_NS_ASSERTIONS = NO;
				ENABLE_STRICT_OBJC_MSGSEND = YES;
				ENABLE_USER_SCRIPT_SANDBOXING = YES;
				GCC_C_LANGUAGE_STANDARD = gnu17;
				GCC_NO_COMMON_BLOCKS = YES;
				GCC_WARN_64_TO_32_BIT_CONVERSION = YES;
				GCC_WARN_ABOUT_RETURN_TYPE = YES_ERROR;
				GCC_WARN_UNDECLARED_SELECTOR = YES;
				GCC_WARN_UNINITIALIZED_AUTOS = YES_AGGRESSIVE;
				GCC_WARN_UNUSED_FUNCTION = YES;
				GCC_WARN_UNUSED_VARIABLE = YES;
				LOCALIZATION_PREFERS_STRING_CATALOGS = YES;
				MTL_ENABLE_DEBUG_INFO = NO;
				MTL_FAST_MATH = YES;
				SWIFT_COMPILATION_MODE = wholemodule;
			};
			name = Release;
		};
		DD88413A2E1856AA007FF2C8 /* Debug */ = {
			isa = XCBuildConfiguration;
			buildSettings = {
				ASSETCATALOG_COMPILER_APPICON_NAME = AppIcon;
				ASSETCATALOG_COMPILER_GLOBAL_ACCENT_COLOR_NAME = AccentColor;
				CODE_SIGN_ENTITLEMENTS = SwiftDataManager1/SwiftDataManager1.entitlements;
				CODE_SIGN_STYLE = Automatic;
				CURRENT_PROJECT_VERSION = 1;
				DEVELOPMENT_ASSET_PATHS = "\"SwiftDataManager1/Preview Content\"";
				DEVELOPMENT_TEAM = 7YW3V66545;
				ENABLE_HARDENED_RUNTIME = YES;
				ENABLE_PREVIEWS = YES;
				GENERATE_INFOPLIST_FILE = YES;
				"INFOPLIST_KEY_UIApplicationSceneManifest_Generation[sdk=iphoneos*]" = YES;
				"INFOPLIST_KEY_UIApplicationSceneManifest_Generation[sdk=iphonesimulator*]" = YES;
				"INFOPLIST_KEY_UIApplicationSupportsIndirectInputEvents[sdk=iphoneos*]" = YES;
				"INFOPLIST_KEY_UIApplicationSupportsIndirectInputEvents[sdk=iphonesimulator*]" = YES;
				"INFOPLIST_KEY_UILaunchScreen_Generation[sdk=iphoneos*]" = YES;
				"INFOPLIST_KEY_UILaunchScreen_Generation[sdk=iphonesimulator*]" = YES;
				"INFOPLIST_KEY_UIStatusBarStyle[sdk=iphoneos*]" = UIStatusBarStyleDefault;
				"INFOPLIST_KEY_UIStatusBarStyle[sdk=iphonesimulator*]" = UIStatusBarStyleDefault;
				INFOPLIST_KEY_UISupportedInterfaceOrientations_iPad = "UIInterfaceOrientationPortrait UIInterfaceOrientationPortraitUpsideDown UIInterfaceOrientationLandscapeLeft UIInterfaceOrientationLandscapeRight";
				INFOPLIST_KEY_UISupportedInterfaceOrientations_iPhone = "UIInterfaceOrientationPortrait UIInterfaceOrientationLandscapeLeft UIInterfaceOrientationLandscapeRight";
				IPHONEOS_DEPLOYMENT_TARGET = 17.5;
				LD_RUNPATH_SEARCH_PATHS = "@executable_path/Frameworks";
				"LD_RUNPATH_SEARCH_PATHS[sdk=macosx*]" = "@executable_path/../Frameworks";
				MACOSX_DEPLOYMENT_TARGET = 14.5;
				MARKETING_VERSION = 1.0;
				PRODUCT_BUNDLE_IDENTIFIER = HieroniusTeam.SwiftDataManager1;
				PRODUCT_NAME = "$(TARGET_NAME)";
				SDKROOT = auto;
				SUPPORTED_PLATFORMS = "iphoneos iphonesimulator macosx";
				SWIFT_EMIT_LOC_STRINGS = YES;
				SWIFT_VERSION = 5.0;
				TARGETED_DEVICE_FAMILY = "1,2";
			};
			name = Debug;
		};
		DD88413B2E1856AA007FF2C8 /* Release */ = {
			isa = XCBuildConfiguration;
			buildSettings = {
				ASSETCATALOG_COMPILER_APPICON_NAME = AppIcon;
				ASSETCATALOG_COMPILER_GLOBAL_ACCENT_COLOR_NAME = AccentColor;
				CODE_SIGN_ENTITLEMENTS = SwiftDataManager1/SwiftDataManager1.entitlements;
				CODE_SIGN_STYLE = Automatic;
				CURRENT_PROJECT_VERSION = 1;
				DEVELOPMENT_ASSET_PATHS = "\"SwiftDataManager1/Preview Content\"";
				DEVELOPMENT_TEAM = 7YW3V66545;
				ENABLE_HARDENED_RUNTIME = YES;
				ENABLE_PREVIEWS = YES;
				GENERATE_INFOPLIST_FILE = YES;
				"INFOPLIST_KEY_UIApplicationSceneManifest_Generation[sdk=iphoneos*]" = YES;
				"INFOPLIST_KEY_UIApplicationSceneManifest_Generation[sdk=iphonesimulator*]" = YES;
				"INFOPLIST_KEY_UIApplicationSupportsIndirectInputEvents[sdk=iphoneos*]" = YES;
				"INFOPLIST_KEY_UIApplicationSupportsIndirectInputEvents[sdk=iphonesimulator*]" = YES;
				"INFOPLIST_KEY_UILaunchScreen_Generation[sdk=iphoneos*]" = YES;
				"INFOPLIST_KEY_UILaunchScreen_Generation[sdk=iphonesimulator*]" = YES;
				"INFOPLIST_KEY_UIStatusBarStyle[sdk=iphoneos*]" = UIStatusBarStyleDefault;
				"INFOPLIST_KEY_UIStatusBarStyle[sdk=iphonesimulator*]" = UIStatusBarStyleDefault;
				INFOPLIST_KEY_UISupportedInterfaceOrientations_iPad = "UIInterfaceOrientationPortrait UIInterfaceOrientationPortraitUpsideDown UIInterfaceOrientationLandscapeLeft UIInterfaceOrientationLandscapeRight";
				INFOPLIST_KEY_UISupportedInterfaceOrientations_iPhone = "UIInterfaceOrientationPortrait UIInterfaceOrientationLandscapeLeft UIInterfaceOrientationLandscapeRight";
				IPHONEOS_DEPLOYMENT_TARGET = 17.5;
				LD_RUNPATH_SEARCH_PATHS = "@executable_path/Frameworks";
				"LD_RUNPATH_SEARCH_PATHS[sdk=macosx*]" = "@executable_path/../Frameworks";
				MACOSX_DEPLOYMENT_TARGET = 14.5;
				MARKETING_VERSION = 1.0;
				PRODUCT_BUNDLE_IDENTIFIER = HieroniusTeam.SwiftDataManager1;
				PRODUCT_NAME = "$(TARGET_NAME)";
				SDKROOT = auto;
				SUPPORTED_PLATFORMS = "iphoneos iphonesimulator macosx";
				SWIFT_EMIT_LOC_STRINGS = YES;
				SWIFT_VERSION = 5.0;
				TARGETED_DEVICE_FAMILY = "1,2";
			};
			name = Release;
		};
/* End XCBuildConfiguration section */

/* Begin XCConfigurationList section */
		DD8841252E1856A6007FF2C8 /* Build configuration list for PBXProject "SwiftDataManager1" */ = {
			isa = XCConfigurationList;
			buildConfigurations = (
				DD8841372E1856AA007FF2C8 /* Debug */,
				DD8841382E1856AA007FF2C8 /* Release */,
			);
			defaultConfigurationIsVisible = 0;
			defaultConfigurationName = Release;
		};
		DD8841392E1856AA007FF2C8 /* Build configuration list for PBXNativeTarget "SwiftDataManager1" */ = {
			isa = XCConfigurationList;
			buildConfigurations = (
				DD88413A2E1856AA007FF2C8 /* Debug */,
				DD88413B2E1856AA007FF2C8 /* Release */,
			);
			defaultConfigurationIsVisible = 0;
			defaultConfigurationName = Release;
		};
/* End XCConfigurationList section */
	};
	rootObject = DD8841222E1856A6007FF2C8 /* Project object */;
}
